
Microsoft Visual Studio Solution File, Format Version 12.00
# Visual Studio Version 17
VisualStudioVersion = 17.13.35931.197 d17.13
MinimumVisualStudioVersion = 10.0.40219.1
Project("{FAE04EC0-301F-11D3-BF4B-00C04F79EFBC}") = "AichatBot3", "AichatBot3\AichatBot3.csproj", "{5D3ED648-834C-4E13-A759-C8EB8740AA23}"
EndProject
Global
	GlobalSection(SolutionConfigurationPlatforms) = preSolution
		Debug|Any CPU = Debug|Any CPU
		Release|Any CPU = Release|Any CPU
	EndGlobalSection
	GlobalSection(ProjectConfigurationPlatforms) = postSolution
		{5D3ED648-834C-4E13-A759-C8EB8740AA23}.Debug|Any CPU.ActiveCfg = Debug|Any CPU
		{5D3ED648-834C-4E13-A759-C8EB8740AA23}.Debug|Any CPU.Build.0 = Debug|Any CPU
		{5D3ED648-834C-4E13-A759-C8EB8740AA23}.Release|Any CPU.ActiveCfg = Release|Any CPU
		{5D3ED648-834C-4E13-A759-C8EB8740AA23}.Release|Any CPU.Build.0 = Release|Any CPU
	EndGlobalSection
	GlobalSection(SolutionProperties) = preSolution
		HideSolutionNode = FALSE
	EndGlobalSection
	GlobalSection(ExtensibilityGlobals) = postSolution
		SolutionGuid = {34F2996C-5828-461C-B228-A8D4C9EC0AB8}
	EndGlobalSection
EndGlobal
